
Microsoft Visual Studio Solution File, Format Version 12.00
# Visual Studio 15
VisualStudioVersion = 15.0.28307.539
MinimumVisualStudioVersion = 10.0.40219.1
Project("{FAE04EC0-301F-11D3-BF4B-00C04F79EFBC}") = "CodingChallenges", "CodingChallenges\CodingChallenges.csproj", "{E5A2BE55-FD52-4531-B6C9-45ADBA0832BB}"
EndProject
Project("{FAE04EC0-301F-11D3-BF4B-00C04F79EFBC}") = "CodingChallenges.Tests", "CodingChallenges.Tests\CodingChallenges.Tests.csproj", "{616588F6-C44A-47BE-ACF3-ED0731505A20}"
EndProject
Global
	GlobalSection(SolutionConfigurationPlatforms) = preSolution
		Debug|Any CPU = Debug|Any CPU
		Release|Any CPU = Release|Any CPU
	EndGlobalSection
	GlobalSection(ProjectConfigurationPlatforms) = postSolution
		{E5A2BE55-FD52-4531-B6C9-45ADBA0832BB}.Debug|Any CPU.ActiveCfg = Debug|Any CPU
		{E5A2BE55-FD52-4531-B6C9-45ADBA0832BB}.Debug|Any CPU.Build.0 = Debug|Any CPU
		{E5A2BE55-FD52-4531-B6C9-45ADBA0832BB}.Release|Any CPU.ActiveCfg = Release|Any CPU
		{E5A2BE55-FD52-4531-B6C9-45ADBA0832BB}.Release|Any CPU.Build.0 = Release|Any CPU
		{616588F6-C44A-47BE-ACF3-ED0731505A20}.Debug|Any CPU.ActiveCfg = Debug|Any CPU
		{616588F6-C44A-47BE-ACF3-ED0731505A20}.Debug|Any CPU.Build.0 = Debug|Any CPU
		{616588F6-C44A-47BE-ACF3-ED0731505A20}.Release|Any CPU.ActiveCfg = Release|Any CPU
		{616588F6-C44A-47BE-ACF3-ED0731505A20}.Release|Any CPU.Build.0 = Release|Any CPU
	EndGlobalSection
	GlobalSection(SolutionProperties) = preSolution
		HideSolutionNode = FALSE
	EndGlobalSection
	GlobalSection(ExtensibilityGlobals) = postSolution
		SolutionGuid = {2B9562BB-E228-4690-9BBE-668BD0B2C017}
	EndGlobalSection
EndGlobal
